{
    "_meta": {
        "hash": {
            "sha256": "d758c325d56df88069d03dda9ef4fd045bfbf08de42d9bb83631f7a9fa30400c"
        },
        "pipfile-spec": 6,
        "requires": {
            "python_version": "3.7"
        },
        "sources": [
            {
                "name": "pypi",
                "url": "https://pypi.org/simple",
                "verify_ssl": true
            }
        ]
    },
    "default": {
        "aprslib": {
            "hashes": [
                "sha256:39420ad77d3595d0085cdd65829d8c863de5d2a2c6ff3681d2b9c5c635abdb17",
                "sha256:dfb5a3435e49039c536f76aaef88132c5c6161bbda2fa41f6b77782b3296848e"
            ],
            "index": "pypi",
            "version": "==0.6.46"
        },
        "haversine": {
            "hashes": [
                "sha256:145b5941d9438fbea0ce67cbc1b786a94c8618bfde07272a6a568464e7f73cd9",
                "sha256:1cff54bc5fc04a42e53a55d08199865fbdd6f8e7c8874e66193e7e4d8227735b",
                "sha256:c40cd6359c91d9516d279144c1af968b069e9e87aebc957d4fa56c113678cca6"
            ],
            "index": "pypi",
            "version": "==2.0.0"
        }
    },
    "develop": {}
}
